// !$*UTF8*$!
{
	archiveVersion = 1;
	classes = {
	};
	objectVersion = 56;
	objects = {

/* Begin PBXBuildFile section */
		F373AD2A2C478029003C4798 /* Rive_AnimationsApp.swift in Sources */ = {isa = PBXBuildFile; fileRef = F373AD292C478029003C4798 /* Rive_AnimationsApp.swift */; };
		F373AD2E2C47802A003C4798 /* Assets.xcassets in Resources */ = {isa = PBXBuildFile; fileRef = F373AD2D2C47802A003C4798 /* Assets.xcassets */; };
		F373AD312C47802A003C4798 /* Preview Assets.xcassets in Resources */ = {isa = PBXBuildFile; fileRef = F373AD302C47802A003C4798 /* Preview Assets.xcassets */; };
		F373AD3B2C47802A003C4798 /* Rive_AnimationsTests.swift in Sources */ = {isa = PBXBuildFile; fileRef = F373AD3A2C47802A003C4798 /* Rive_AnimationsTests.swift */; };
		F373AD452C47802A003C4798 /* Rive_AnimationsUITests.swift in Sources */ = {isa = PBXBuildFile; fileRef = F373AD442C47802A003C4798 /* Rive_AnimationsUITests.swift */; };
		F373AD472C47802A003C4798 /* Rive_AnimationsUITestsLaunchTests.swift in Sources */ = {isa = PBXBuildFile; fileRef = F373AD462C47802A003C4798 /* Rive_AnimationsUITestsLaunchTests.swift */; };
		F373AD552C4780AE003C4798 /* RiveRuntime in Frameworks */ = {isa = PBXBuildFile; productRef = F373AD542C4780AE003C4798 /* RiveRuntime */; };
		F373AD5E2C4781DF003C4798 /* button.riv in Resources */ = {isa = PBXBuildFile; fileRef = F373AD562C4781DF003C4798 /* button.riv */; };
		F373AD5F2C4781DF003C4798 /* check.riv in Resources */ = {isa = PBXBuildFile; fileRef = F373AD572C4781DF003C4798 /* check.riv */; };
		F373AD602C4781DF003C4798 /* confetti.riv in Resources */ = {isa = PBXBuildFile; fileRef = F373AD582C4781DF003C4798 /* confetti.riv */; };
		F373AD612C4781DF003C4798 /* house.riv in Resources */ = {isa = PBXBuildFile; fileRef = F373AD592C4781DF003C4798 /* house.riv */; };
		F373AD622C4781DF003C4798 /* icons.riv in Resources */ = {isa = PBXBuildFile; fileRef = F373AD5A2C4781DF003C4798 /* icons.riv */; };
		F373AD632C4781DF003C4798 /* menu_button.riv in Resources */ = {isa = PBXBuildFile; fileRef = F373AD5B2C4781DF003C4798 /* menu_button.riv */; };
		F373AD642C4781DF003C4798 /* shapes.riv in Resources */ = {isa = PBXBuildFile; fileRef = F373AD5C2C4781DF003C4798 /* shapes.riv */; };
		F373AD6D2C4797EE003C4798 /* Inter-Regular.ttf in Resources */ = {isa = PBXBuildFile; fileRef = F373AD692C4797EE003C4798 /* Inter-Regular.ttf */; };
		F373AD6E2C4797EE003C4798 /* Inter-SemiBold.ttf in Resources */ = {isa = PBXBuildFile; fileRef = F373AD6A2C4797EE003C4798 /* Inter-SemiBold.ttf */; };
		F373AD6F2C4797EE003C4798 /* Poppins-Bold.ttf in Resources */ = {isa = PBXBuildFile; fileRef = F373AD6B2C4797EE003C4798 /* Poppins-Bold.ttf */; };
		F373AD722C479862003C4798 /* OnBoardingScreen.swift in Sources */ = {isa = PBXBuildFile; fileRef = F373AD712C479862003C4798 /* OnBoardingScreen.swift */; };
		F373AD762C479A27003C4798 /* AppFont.swift in Sources */ = {isa = PBXBuildFile; fileRef = F373AD752C479A27003C4798 /* AppFont.swift */; };
		F373AD792C479FCA003C4798 /* SignInView.swift in Sources */ = {isa = PBXBuildFile; fileRef = F373AD782C479FCA003C4798 /* SignInView.swift */; };
		F373AD7B2C47BEFE003C4798 /* CustomTextField.swift in Sources */ = {isa = PBXBuildFile; fileRef = F373AD7A2C47BEFE003C4798 /* CustomTextField.swift */; };
		F373AD7D2C47C611003C4798 /* RoundedCorner.swift in Sources */ = {isa = PBXBuildFile; fileRef = F373AD7C2C47C611003C4798 /* RoundedCorner.swift */; };
		F373AD7F2C47D221003C4798 /* CustomColor.swift in Sources */ = {isa = PBXBuildFile; fileRef = F373AD7E2C47D221003C4798 /* CustomColor.swift */; };
/* End PBXBuildFile section */

/* Begin PBXContainerItemProxy section */
		F373AD372C47802A003C4798 /* PBXContainerItemProxy */ = {
			isa = PBXContainerItemProxy;
			containerPortal = F373AD1E2C478029003C4798 /* Project object */;
			proxyType = 1;
			remoteGlobalIDString = F373AD252C478029003C4798;
			remoteInfo = "Rive Animations";
		};
		F373AD412C47802A003C4798 /* PBXContainerItemProxy */ = {
			isa = PBXContainerItemProxy;
			containerPortal = F373AD1E2C478029003C4798 /* Project object */;
			proxyType = 1;
			remoteGlobalIDString = F373AD252C478029003C4798;
			remoteInfo = "Rive Animations";
		};
/* End PBXContainerItemProxy section */

/* Begin PBXFileReference section */
		F373AD262C478029003C4798 /* Rive Animations.app */ = {isa = PBXFileReference; explicitFileType = wrapper.application; includeInIndex = 0; path = "Rive Animations.app"; sourceTree = BUILT_PRODUCTS_DIR; };
		F373AD292C478029003C4798 /* Rive_AnimationsApp.swift */ = {isa = PBXFileReference; lastKnownFileType = sourcecode.swift; path = Rive_AnimationsApp.swift; sourceTree = "<group>"; };
		F373AD2D2C47802A003C4798 /* Assets.xcassets */ = {isa = PBXFileReference; lastKnownFileType = folder.assetcatalog; path = Assets.xcassets; sourceTree = "<group>"; };
		F373AD302C47802A003C4798 /* Preview Assets.xcassets */ = {isa = PBXFileReference; lastKnownFileType = folder.assetcatalog; path = "Preview Assets.xcassets"; sourceTree = "<group>"; };
		F373AD362C47802A003C4798 /* Rive AnimationsTests.xctest */ = {isa = PBXFileReference; explicitFileType = wrapper.cfbundle; includeInIndex = 0; path = "Rive AnimationsTests.xctest"; sourceTree = BUILT_PRODUCTS_DIR; };
		F373AD3A2C47802A003C4798 /* Rive_AnimationsTests.swift */ = {isa = PBXFileReference; lastKnownFileType = sourcecode.swift; path = Rive_AnimationsTests.swift; sourceTree = "<group>"; };
		F373AD402C47802A003C4798 /* Rive AnimationsUITests.xctest */ = {isa = PBXFileReference; explicitFileType = wrapper.cfbundle; includeInIndex = 0; path = "Rive AnimationsUITests.xctest"; sourceTree = BUILT_PRODUCTS_DIR; };
		F373AD442C47802A003C4798 /* Rive_AnimationsUITests.swift */ = {isa = PBXFileReference; lastKnownFileType = sourcecode.swift; path = Rive_AnimationsUITests.swift; sourceTree = "<group>"; };
		F373AD462C47802A003C4798 /* Rive_AnimationsUITestsLaunchTests.swift */ = {isa = PBXFileReference; lastKnownFileType = sourcecode.swift; path = Rive_AnimationsUITestsLaunchTests.swift; sourceTree = "<group>"; };
		F373AD562C4781DF003C4798 /* button.riv */ = {isa = PBXFileReference; lastKnownFileType = file; path = button.riv; sourceTree = "<group>"; };
		F373AD572C4781DF003C4798 /* check.riv */ = {isa = PBXFileReference; lastKnownFileType = file; path = check.riv; sourceTree = "<group>"; };
		F373AD582C4781DF003C4798 /* confetti.riv */ = {isa = PBXFileReference; lastKnownFileType = file; path = confetti.riv; sourceTree = "<group>"; };
		F373AD592C4781DF003C4798 /* house.riv */ = {isa = PBXFileReference; lastKnownFileType = file; path = house.riv; sourceTree = "<group>"; };
		F373AD5A2C4781DF003C4798 /* icons.riv */ = {isa = PBXFileReference; lastKnownFileType = file; path = icons.riv; sourceTree = "<group>"; };
		F373AD5B2C4781DF003C4798 /* menu_button.riv */ = {isa = PBXFileReference; lastKnownFileType = file; path = menu_button.riv; sourceTree = "<group>"; };
		F373AD5C2C4781DF003C4798 /* shapes.riv */ = {isa = PBXFileReference; lastKnownFileType = file; path = shapes.riv; sourceTree = "<group>"; };
		F373AD692C4797EE003C4798 /* Inter-Regular.ttf */ = {isa = PBXFileReference; lastKnownFileType = file; path = "Inter-Regular.ttf"; sourceTree = "<group>"; };
		F373AD6A2C4797EE003C4798 /* Inter-SemiBold.ttf */ = {isa = PBXFileReference; lastKnownFileType = file; path = "Inter-SemiBold.ttf"; sourceTree = "<group>"; };
		F373AD6B2C4797EE003C4798 /* Poppins-Bold.ttf */ = {isa = PBXFileReference; lastKnownFileType = file; path = "Poppins-Bold.ttf"; sourceTree = "<group>"; };
		F373AD712C479862003C4798 /* OnBoardingScreen.swift */ = {isa = PBXFileReference; lastKnownFileType = sourcecode.swift; path = OnBoardingScreen.swift; sourceTree = "<group>"; };
		F373AD732C4798DC003C4798 /* Rive-Animations-Info.plist */ = {isa = PBXFileReference; lastKnownFileType = text.plist; path = "Rive-Animations-Info.plist"; sourceTree = SOURCE_ROOT; };
		F373AD752C479A27003C4798 /* AppFont.swift */ = {isa = PBXFileReference; lastKnownFileType = sourcecode.swift; path = AppFont.swift; sourceTree = "<group>"; };
		F373AD782C479FCA003C4798 /* SignInView.swift */ = {isa = PBXFileReference; lastKnownFileType = sourcecode.swift; path = SignInView.swift; sourceTree = "<group>"; };
		F373AD7A2C47BEFE003C4798 /* CustomTextField.swift */ = {isa = PBXFileReference; lastKnownFileType = sourcecode.swift; path = CustomTextField.swift; sourceTree = "<group>"; };
		F373AD7C2C47C611003C4798 /* RoundedCorner.swift */ = {isa = PBXFileReference; lastKnownFileType = sourcecode.swift; path = RoundedCorner.swift; sourceTree = "<group>"; };
		F373AD7E2C47D221003C4798 /* CustomColor.swift */ = {isa = PBXFileReference; lastKnownFileType = sourcecode.swift; path = CustomColor.swift; sourceTree = "<group>"; };
/* End PBXFileReference section */

/* Begin PBXFrameworksBuildPhase section */
		F373AD232C478029003C4798 /* Frameworks */ = {
			isa = PBXFrameworksBuildPhase;
			buildActionMask = 2147483647;
			files = (
				F373AD552C4780AE003C4798 /* RiveRuntime in Frameworks */,
			);
			runOnlyForDeploymentPostprocessing = 0;
		};
		F373AD332C47802A003C4798 /* Frameworks */ = {
			isa = PBXFrameworksBuildPhase;
			buildActionMask = 2147483647;
			files = (
			);
			runOnlyForDeploymentPostprocessing = 0;
		};
		F373AD3D2C47802A003C4798 /* Frameworks */ = {
			isa = PBXFrameworksBuildPhase;
			buildActionMask = 2147483647;
			files = (
			);
			runOnlyForDeploymentPostprocessing = 0;
		};
/* End PBXFrameworksBuildPhase section */

/* Begin PBXGroup section */
		F373AD1D2C478029003C4798 = {
			isa = PBXGroup;
			children = (
				F373AD282C478029003C4798 /* Rive Animations */,
				F373AD392C47802A003C4798 /* Rive AnimationsTests */,
				F373AD432C47802A003C4798 /* Rive AnimationsUITests */,
				F373AD272C478029003C4798 /* Products */,
			);
			sourceTree = "<group>";
		};
		F373AD272C478029003C4798 /* Products */ = {
			isa = PBXGroup;
			children = (
				F373AD262C478029003C4798 /* Rive Animations.app */,
				F373AD362C47802A003C4798 /* Rive AnimationsTests.xctest */,
				F373AD402C47802A003C4798 /* Rive AnimationsUITests.xctest */,
			);
			name = Products;
			sourceTree = "<group>";
		};
		F373AD282C478029003C4798 /* Rive Animations */ = {
			isa = PBXGroup;
			children = (
				F373AD732C4798DC003C4798 /* Rive-Animations-Info.plist */,
				F373AD672C4797A2003C4798 /* App */,
				F373AD662C4797A0003C4798 /* Core */,
				F373AD652C47979E003C4798 /* Utils */,
				F373AD682C4797B2003C4798 /* Services */,
				F373AD2F2C47802A003C4798 /* Preview Content */,
			);
			path = "Rive Animations";
			sourceTree = "<group>";
		};
		F373AD2F2C47802A003C4798 /* Preview Content */ = {
			isa = PBXGroup;
			children = (
				F373AD302C47802A003C4798 /* Preview Assets.xcassets */,
			);
			path = "Preview Content";
			sourceTree = "<group>";
		};
		F373AD392C47802A003C4798 /* Rive AnimationsTests */ = {
			isa = PBXGroup;
			children = (
				F373AD3A2C47802A003C4798 /* Rive_AnimationsTests.swift */,
			);
			path = "Rive AnimationsTests";
			sourceTree = "<group>";
		};
		F373AD432C47802A003C4798 /* Rive AnimationsUITests */ = {
			isa = PBXGroup;
			children = (
				F373AD442C47802A003C4798 /* Rive_AnimationsUITests.swift */,
				F373AD462C47802A003C4798 /* Rive_AnimationsUITestsLaunchTests.swift */,
			);
			path = "Rive AnimationsUITests";
			sourceTree = "<group>";
		};
		F373AD5D2C4781DF003C4798 /* RiveAssets */ = {
			isa = PBXGroup;
			children = (
				F373AD562C4781DF003C4798 /* button.riv */,
				F373AD572C4781DF003C4798 /* check.riv */,
				F373AD582C4781DF003C4798 /* confetti.riv */,
				F373AD592C4781DF003C4798 /* house.riv */,
				F373AD5A2C4781DF003C4798 /* icons.riv */,
				F373AD5B2C4781DF003C4798 /* menu_button.riv */,
				F373AD5C2C4781DF003C4798 /* shapes.riv */,
			);
			path = RiveAssets;
			sourceTree = "<group>";
		};
		F373AD652C47979E003C4798 /* Utils */ = {
			isa = PBXGroup;
			children = (
			);
			path = Utils;
			sourceTree = "<group>";
		};
		F373AD662C4797A0003C4798 /* Core */ = {
			isa = PBXGroup;
			children = (
				F373AD772C479FA6003C4798 /* Login */,
				F373AD702C479802003C4798 /* OnBoardingScreen */,
			);
			path = Core;
			sourceTree = "<group>";
		};
		F373AD672C4797A2003C4798 /* App */ = {
			isa = PBXGroup;
			children = (
				F373AD292C478029003C4798 /* Rive_AnimationsApp.swift */,
			);
			path = App;
			sourceTree = "<group>";
		};
		F373AD682C4797B2003C4798 /* Services */ = {
			isa = PBXGroup;
			children = (
				F373AD742C479A0B003C4798 /* ViewModifier */,
				F373AD6C2C4797EE003C4798 /* Fonts */,
				F373AD5D2C4781DF003C4798 /* RiveAssets */,
				F373AD2D2C47802A003C4798 /* Assets.xcassets */,
			);
			path = Services;
			sourceTree = "<group>";
		};
		F373AD6C2C4797EE003C4798 /* Fonts */ = {
			isa = PBXGroup;
			children = (
				F373AD692C4797EE003C4798 /* Inter-Regular.ttf */,
				F373AD6A2C4797EE003C4798 /* Inter-SemiBold.ttf */,
				F373AD6B2C4797EE003C4798 /* Poppins-Bold.ttf */,
			);
			path = Fonts;
			sourceTree = "<group>";
		};
		F373AD702C479802003C4798 /* OnBoardingScreen */ = {
			isa = PBXGroup;
			children = (
				F373AD712C479862003C4798 /* OnBoardingScreen.swift */,
			);
			path = OnBoardingScreen;
			sourceTree = "<group>";
		};
		F373AD742C479A0B003C4798 /* ViewModifier */ = {
			isa = PBXGroup;
			children = (
				F373AD752C479A27003C4798 /* AppFont.swift */,
				F373AD7A2C47BEFE003C4798 /* CustomTextField.swift */,
				F373AD7C2C47C611003C4798 /* RoundedCorner.swift */,
				F373AD7E2C47D221003C4798 /* CustomColor.swift */,
			);
			path = ViewModifier;
			sourceTree = "<group>";
		};
		F373AD772C479FA6003C4798 /* Login */ = {
			isa = PBXGroup;
			children = (
				F373AD782C479FCA003C4798 /* SignInView.swift */,
			);
			path = Login;
			sourceTree = "<group>";
		};
/* End PBXGroup section */

/* Begin PBXNativeTarget section */
		F373AD252C478029003C4798 /* Rive Animations */ = {
			isa = PBXNativeTarget;
			buildConfigurationList = F373AD4A2C47802A003C4798 /* Build configuration list for PBXNativeTarget "Rive Animations" */;
			buildPhases = (
				F373AD222C478029003C4798 /* Sources */,
				F373AD232C478029003C4798 /* Frameworks */,
				F373AD242C478029003C4798 /* Resources */,
			);
			buildRules = (
			);
			dependencies = (
			);
			name = "Rive Animations";
			packageProductDependencies = (
				F373AD542C4780AE003C4798 /* RiveRuntime */,
			);
			productName = "Rive Animations";
			productReference = F373AD262C478029003C4798 /* Rive Animations.app */;
			productType = "com.apple.product-type.application";
		};
		F373AD352C47802A003C4798 /* Rive AnimationsTests */ = {
			isa = PBXNativeTarget;
			buildConfigurationList = F373AD4D2C47802A003C4798 /* Build configuration list for PBXNativeTarget "Rive AnimationsTests" */;
			buildPhases = (
				F373AD322C47802A003C4798 /* Sources */,
				F373AD332C47802A003C4798 /* Frameworks */,
				F373AD342C47802A003C4798 /* Resources */,
			);
			buildRules = (
			);
			dependencies = (
				F373AD382C47802A003C4798 /* PBXTargetDependency */,
			);
			name = "Rive AnimationsTests";
			productName = "Rive AnimationsTests";
			productReference = F373AD362C47802A003C4798 /* Rive AnimationsTests.xctest */;
			productType = "com.apple.product-type.bundle.unit-test";
		};
		F373AD3F2C47802A003C4798 /* Rive AnimationsUITests */ = {
			isa = PBXNativeTarget;
			buildConfigurationList = F373AD502C47802A003C4798 /* Build configuration list for PBXNativeTarget "Rive AnimationsUITests" */;
			buildPhases = (
				F373AD3C2C47802A003C4798 /* Sources */,
				F373AD3D2C47802A003C4798 /* Frameworks */,
				F373AD3E2C47802A003C4798 /* Resources */,
			);
			buildRules = (
			);
			dependencies = (
				F373AD422C47802A003C4798 /* PBXTargetDependency */,
			);
			name = "Rive AnimationsUITests";
			productName = "Rive AnimationsUITests";
			productReference = F373AD402C47802A003C4798 /* Rive AnimationsUITests.xctest */;
			productType = "com.apple.product-type.bundle.ui-testing";
		};
/* End PBXNativeTarget section */

/* Begin PBXProject section */
		F373AD1E2C478029003C4798 /* Project object */ = {
			isa = PBXProject;
			attributes = {
				BuildIndependentTargetsInParallel = 1;
				LastSwiftUpdateCheck = 1540;
				LastUpgradeCheck = 1540;
				TargetAttributes = {
					F373AD252C478029003C4798 = {
						CreatedOnToolsVersion = 15.4;
					};
					F373AD352C47802A003C4798 = {
						CreatedOnToolsVersion = 15.4;
						TestTargetID = F373AD252C478029003C4798;
					};
					F373AD3F2C47802A003C4798 = {
						CreatedOnToolsVersion = 15.4;
						TestTargetID = F373AD252C478029003C4798;
					};
				};
			};
			buildConfigurationList = F373AD212C478029003C4798 /* Build configuration list for PBXProject "Rive Animations" */;
			compatibilityVersion = "Xcode 14.0";
			developmentRegion = en;
			hasScannedForEncodings = 0;
			knownRegions = (
				en,
				Base,
			);
			mainGroup = F373AD1D2C478029003C4798;
			packageReferences = (
				F373AD532C4780AE003C4798 /* XCRemoteSwiftPackageReference "rive-ios" */,
			);
			productRefGroup = F373AD272C478029003C4798 /* Products */;
			projectDirPath = "";
			projectRoot = "";
			targets = (
				F373AD252C478029003C4798 /* Rive Animations */,
				F373AD352C47802A003C4798 /* Rive AnimationsTests */,
				F373AD3F2C47802A003C4798 /* Rive AnimationsUITests */,
			);
		};
/* End PBXProject section */

/* Begin PBXResourcesBuildPhase section */
		F373AD242C478029003C4798 /* Resources */ = {
			isa = PBXResourcesBuildPhase;
			buildActionMask = 2147483647;
			files = (
				F373AD5E2C4781DF003C4798 /* button.riv in Resources */,
				F373AD312C47802A003C4798 /* Preview Assets.xcassets in Resources */,
				F373AD622C4781DF003C4798 /* icons.riv in Resources */,
				F373AD6E2C4797EE003C4798 /* Inter-SemiBold.ttf in Resources */,
				F373AD5F2C4781DF003C4798 /* check.riv in Resources */,
				F373AD642C4781DF003C4798 /* shapes.riv in Resources */,
				F373AD2E2C47802A003C4798 /* Assets.xcassets in Resources */,
				F373AD6F2C4797EE003C4798 /* Poppins-Bold.ttf in Resources */,
				F373AD6D2C4797EE003C4798 /* Inter-Regular.ttf in Resources */,
				F373AD612C4781DF003C4798 /* house.riv in Resources */,
				F373AD632C4781DF003C4798 /* menu_button.riv in Resources */,
				F373AD602C4781DF003C4798 /* confetti.riv in Resources */,
			);
			runOnlyForDeploymentPostprocessing = 0;
		};
		F373AD342C47802A003C4798 /* Resources */ = {
			isa = PBXResourcesBuildPhase;
			buildActionMask = 2147483647;
			files = (
			);
			runOnlyForDeploymentPostprocessing = 0;
		};
		F373AD3E2C47802A003C4798 /* Resources */ = {
			isa = PBXResourcesBuildPhase;
			buildActionMask = 2147483647;
			files = (
			);
			runOnlyForDeploymentPostprocessing = 0;
		};
/* End PBXResourcesBuildPhase section */

/* Begin PBXSourcesBuildPhase section */
		F373AD222C478029003C4798 /* Sources */ = {
			isa = PBXSourcesBuildPhase;
			buildActionMask = 2147483647;
			files = (
				F373AD722C479862003C4798 /* OnBoardingScreen.swift in Sources */,
				F373AD7F2C47D221003C4798 /* CustomColor.swift in Sources */,
				F373AD7D2C47C611003C4798 /* RoundedCorner.swift in Sources */,
				F373AD2A2C478029003C4798 /* Rive_AnimationsApp.swift in Sources */,
				F373AD792C479FCA003C4798 /* SignInView.swift in Sources */,
				F373AD762C479A27003C4798 /* AppFont.swift in Sources */,
				F373AD7B2C47BEFE003C4798 /* CustomTextField.swift in Sources */,
			);
			runOnlyForDeploymentPostprocessing = 0;
		};
		F373AD322C47802A003C4798 /* Sources */ = {
			isa = PBXSourcesBuildPhase;
			buildActionMask = 2147483647;
			files = (
				F373AD3B2C47802A003C4798 /* Rive_AnimationsTests.swift in Sources */,
			);
			runOnlyForDeploymentPostprocessing = 0;
		};
		F373AD3C2C47802A003C4798 /* Sources */ = {
			isa = PBXSourcesBuildPhase;
			buildActionMask = 2147483647;
			files = (
				F373AD452C47802A003C4798 /* Rive_AnimationsUITests.swift in Sources */,
				F373AD472C47802A003C4798 /* Rive_AnimationsUITestsLaunchTests.swift in Sources */,
			);
			runOnlyForDeploymentPostprocessing = 0;
		};
/* End PBXSourcesBuildPhase section */

/* Begin PBXTargetDependency section */
		F373AD382C47802A003C4798 /* PBXTargetDependency */ = {
			isa = PBXTargetDependency;
			target = F373AD252C478029003C4798 /* Rive Animations */;
			targetProxy = F373AD372C47802A003C4798 /* PBXContainerItemProxy */;
		};
		F373AD422C47802A003C4798 /* PBXTargetDependency */ = {
			isa = PBXTargetDependency;
			target = F373AD252C478029003C4798 /* Rive Animations */;
			targetProxy = F373AD412C47802A003C4798 /* PBXContainerItemProxy */;
		};
/* End PBXTargetDependency section */

/* Begin XCBuildConfiguration section */
		F373AD482C47802A003C4798 /* Debug */ = {
			isa = XCBuildConfiguration;
			buildSettings = {
				ALWAYS_SEARCH_USER_PATHS = NO;
				ASSETCATALOG_COMPILER_GENERATE_SWIFT_ASSET_SYMBOL_EXTENSIONS = YES;
				CLANG_ANALYZER_NONNULL = YES;
				CLANG_ANALYZER_NUMBER_OBJECT_CONVERSION = YES_AGGRESSIVE;
				CLANG_CXX_LANGUAGE_STANDARD = "gnu++20";
				CLANG_ENABLE_MODULES = YES;
				CLANG_ENABLE_OBJC_ARC = YES;
				CLANG_ENABLE_OBJC_WEAK = YES;
				CLANG_WARN_BLOCK_CAPTURE_AUTORELEASING = YES;
				CLANG_WARN_BOOL_CONVERSION = YES;
				CLANG_WARN_COMMA = YES;
				CLANG_WARN_CONSTANT_CONVERSION = YES;
				CLANG_WARN_DEPRECATED_OBJC_IMPLEMENTATIONS = YES;
				CLANG_WARN_DIRECT_OBJC_ISA_USAGE = YES_ERROR;
				CLANG_WARN_DOCUMENTATION_COMMENTS = YES;
				CLANG_WARN_EMPTY_BODY = YES;
				CLANG_WARN_ENUM_CONVERSION = YES;
				CLANG_WARN_INFINITE_RECURSION = YES;
				CLANG_WARN_INT_CONVERSION = YES;
				CLANG_WARN_NON_LITERAL_NULL_CONVERSION = YES;
				CLANG_WARN_OBJC_IMPLICIT_RETAIN_SELF = YES;
				CLANG_WARN_OBJC_LITERAL_CONVERSION = YES;
				CLANG_WARN_OBJC_ROOT_CLASS = YES_ERROR;
				CLANG_WARN_QUOTED_INCLUDE_IN_FRAMEWORK_HEADER = YES;
				CLANG_WARN_RANGE_LOOP_ANALYSIS = YES;
				CLANG_WARN_STRICT_PROTOTYPES = YES;
				CLANG_WARN_SUSPICIOUS_MOVE = YES;
				CLANG_WARN_UNGUARDED_AVAILABILITY = YES_AGGRESSIVE;
				CLANG_WARN_UNREACHABLE_CODE = YES;
				CLANG_WARN__DUPLICATE_METHOD_MATCH = YES;
				COPY_PHASE_STRIP = NO;
				DEBUG_INFORMATION_FORMAT = dwarf;
				ENABLE_STRICT_OBJC_MSGSEND = YES;
				ENABLE_TESTABILITY = YES;
				ENABLE_USER_SCRIPT_SANDBOXING = YES;
				GCC_C_LANGUAGE_STANDARD = gnu17;
				GCC_DYNAMIC_NO_PIC = NO;
				GCC_NO_COMMON_BLOCKS = YES;
				GCC_OPTIMIZATION_LEVEL = 0;
				GCC_PREPROCESSOR_DEFINITIONS = (
					"DEBUG=1",
					"$(inherited)",
				);
				GCC_WARN_64_TO_32_BIT_CONVERSION = YES;
				GCC_WARN_ABOUT_RETURN_TYPE = YES_ERROR;
				GCC_WARN_UNDECLARED_SELECTOR = YES;
				GCC_WARN_UNINITIALIZED_AUTOS = YES_AGGRESSIVE;
				GCC_WARN_UNUSED_FUNCTION = YES;
				GCC_WARN_UNUSED_VARIABLE = YES;
				IPHONEOS_DEPLOYMENT_TARGET = 17.5;
				LOCALIZATION_PREFERS_STRING_CATALOGS = YES;
				MTL_ENABLE_DEBUG_INFO = INCLUDE_SOURCE;
				MTL_FAST_MATH = YES;
				ONLY_ACTIVE_ARCH = YES;
				SDKROOT = iphoneos;
				SWIFT_ACTIVE_COMPILATION_CONDITIONS = "DEBUG $(inherited)";
				SWIFT_OPTIMIZATION_LEVEL = "-Onone";
			};
			name = Debug;
		};
		F373AD492C47802A003C4798 /* Release */ = {
			isa = XCBuildConfiguration;
			buildSettings = {
				ALWAYS_SEARCH_USER_PATHS = NO;
				ASSETCATALOG_COMPILER_GENERATE_SWIFT_ASSET_SYMBOL_EXTENSIONS = YES;
				CLANG_ANALYZER_NONNULL = YES;
				CLANG_ANALYZER_NUMBER_OBJECT_CONVERSION = YES_AGGRESSIVE;
				CLANG_CXX_LANGUAGE_STANDARD = "gnu++20";
				CLANG_ENABLE_MODULES = YES;
				CLANG_ENABLE_OBJC_ARC = YES;
				CLANG_ENABLE_OBJC_WEAK = YES;
				CLANG_WARN_BLOCK_CAPTURE_AUTORELEASING = YES;
				CLANG_WARN_BOOL_CONVERSION = YES;
				CLANG_WARN_COMMA = YES;
				CLANG_WARN_CONSTANT_CONVERSION = YES;
				CLANG_WARN_DEPRECATED_OBJC_IMPLEMENTATIONS = YES;
				CLANG_WARN_DIRECT_OBJC_ISA_USAGE = YES_ERROR;
				CLANG_WARN_DOCUMENTATION_COMMENTS = YES;
				CLANG_WARN_EMPTY_BODY = YES;
				CLANG_WARN_ENUM_CONVERSION = YES;
				CLANG_WARN_INFINITE_RECURSION = YES;
				CLANG_WARN_INT_CONVERSION = YES;
				CLANG_WARN_NON_LITERAL_NULL_CONVERSION = YES;
				CLANG_WARN_OBJC_IMPLICIT_RETAIN_SELF = YES;
				CLANG_WARN_OBJC_LITERAL_CONVERSION = YES;
				CLANG_WARN_OBJC_ROOT_CLASS = YES_ERROR;
				CLANG_WARN_QUOTED_INCLUDE_IN_FRAMEWORK_HEADER = YES;
				CLANG_WARN_RANGE_LOOP_ANALYSIS = YES;
				CLANG_WARN_STRICT_PROTOTYPES = YES;
				CLANG_WARN_SUSPICIOUS_MOVE = YES;
				CLANG_WARN_UNGUARDED_AVAILABILITY = YES_AGGRESSIVE;
				CLANG_WARN_UNREACHABLE_CODE = YES;
				CLANG_WARN__DUPLICATE_METHOD_MATCH = YES;
				COPY_PHASE_STRIP = NO;
				DEBUG_INFORMATION_FORMAT = "dwarf-with-dsym";
				ENABLE_NS_ASSERTIONS = NO;
				ENABLE_STRICT_OBJC_MSGSEND = YES;
				ENABLE_USER_SCRIPT_SANDBOXING = YES;
				GCC_C_LANGUAGE_STANDARD = gnu17;
				GCC_NO_COMMON_BLOCKS = YES;
				GCC_WARN_64_TO_32_BIT_CONVERSION = YES;
				GCC_WARN_ABOUT_RETURN_TYPE = YES_ERROR;
				GCC_WARN_UNDECLARED_SELECTOR = YES;
				GCC_WARN_UNINITIALIZED_AUTOS = YES_AGGRESSIVE;
				GCC_WARN_UNUSED_FUNCTION = YES;
				GCC_WARN_UNUSED_VARIABLE = YES;
				IPHONEOS_DEPLOYMENT_TARGET = 17.5;
				LOCALIZATION_PREFERS_STRING_CATALOGS = YES;
				MTL_ENABLE_DEBUG_INFO = NO;
				MTL_FAST_MATH = YES;
				SDKROOT = iphoneos;
				SWIFT_COMPILATION_MODE = wholemodule;
				VALIDATE_PRODUCT = YES;
			};
			name = Release;
		};
		F373AD4B2C47802A003C4798 /* Debug */ = {
			isa = XCBuildConfiguration;
			buildSettings = {
				ASSETCATALOG_COMPILER_APPICON_NAME = AppIcon;
				ASSETCATALOG_COMPILER_GLOBAL_ACCENT_COLOR_NAME = AccentColor;
				CODE_SIGN_STYLE = Automatic;
				CURRENT_PROJECT_VERSION = 1;
				DEVELOPMENT_ASSET_PATHS = "\"Rive Animations/Preview Content\"";
				DEVELOPMENT_TEAM = RJC4MPJ9ZS;
				ENABLE_PREVIEWS = YES;
				GENERATE_INFOPLIST_FILE = YES;
				INFOPLIST_FILE = "Rive-Animations-Info.plist";
				INFOPLIST_KEY_UIApplicationSceneManifest_Generation = YES;
				INFOPLIST_KEY_UIApplicationSupportsIndirectInputEvents = YES;
				INFOPLIST_KEY_UILaunchScreen_Generation = YES;
				INFOPLIST_KEY_UISupportedInterfaceOrientations_iPad = "UIInterfaceOrientationPortrait UIInterfaceOrientationPortraitUpsideDown UIInterfaceOrientationLandscapeLeft UIInterfaceOrientationLandscapeRight";
				INFOPLIST_KEY_UISupportedInterfaceOrientations_iPhone = "UIInterfaceOrientationPortrait UIInterfaceOrientationLandscapeLeft UIInterfaceOrientationLandscapeRight";
				LD_RUNPATH_SEARCH_PATHS = (
					"$(inherited)",
					"@executable_path/Frameworks",
				);
				MARKETING_VERSION = 1.0;
				PRODUCT_BUNDLE_IDENTIFIER = "DeepamDhakal.Rive-Animations";
				PRODUCT_NAME = "$(TARGET_NAME)";
				SWIFT_EMIT_LOC_STRINGS = YES;
				SWIFT_VERSION = 5.0;
				TARGETED_DEVICE_FAMILY = "1,2";
			};
			name = Debug;
		};
		F373AD4C2C47802A003C4798 /* Release */ = {
			isa = XCBuildConfiguration;
			buildSettings = {
				ASSETCATALOG_COMPILER_APPICON_NAME = AppIcon;
				ASSETCATALOG_COMPILER_GLOBAL_ACCENT_COLOR_NAME = AccentColor;
				CODE_SIGN_STYLE = Automatic;
				CURRENT_PROJECT_VERSION = 1;
				DEVELOPMENT_ASSET_PATHS = "\"Rive Animations/Preview Content\"";
				DEVELOPMENT_TEAM = RJC4MPJ9ZS;
				ENABLE_PREVIEWS = YES;
				GENERATE_INFOPLIST_FILE = YES;
				INFOPLIST_FILE = "Rive-Animations-Info.plist";
				INFOPLIST_KEY_UIApplicationSceneManifest_Generation = YES;
				INFOPLIST_KEY_UIApplicationSupportsIndirectInputEvents = YES;
				INFOPLIST_KEY_UILaunchScreen_Generation = YES;
				INFOPLIST_KEY_UISupportedInterfaceOrientations_iPad = "UIInterfaceOrientationPortrait UIInterfaceOrientationPortraitUpsideDown UIInterfaceOrientationLandscapeLeft UIInterfaceOrientationLandscapeRight";
				INFOPLIST_KEY_UISupportedInterfaceOrientations_iPhone = "UIInterfaceOrientationPortrait UIInterfaceOrientationLandscapeLeft UIInterfaceOrientationLandscapeRight";
				LD_RUNPATH_SEARCH_PATHS = (
					"$(inherited)",
					"@executable_path/Frameworks",
				);
				MARKETING_VERSION = 1.0;
				PRODUCT_BUNDLE_IDENTIFIER = "DeepamDhakal.Rive-Animations";
				PRODUCT_NAME = "$(TARGET_NAME)";
				SWIFT_EMIT_LOC_STRINGS = YES;
				SWIFT_VERSION = 5.0;
				TARGETED_DEVICE_FAMILY = "1,2";
			};
			name = Release;
		};
		F373AD4E2C47802A003C4798 /* Debug */ = {
			isa = XCBuildConfiguration;
			buildSettings = {
				ALWAYS_EMBED_SWIFT_STANDARD_LIBRARIES = YES;
				BUNDLE_LOADER = "$(TEST_HOST)";
				CODE_SIGN_STYLE = Automatic;
				CURRENT_PROJECT_VERSION = 1;
				DEVELOPMENT_TEAM = RJC4MPJ9ZS;
				GENERATE_INFOPLIST_FILE = YES;
				IPHONEOS_DEPLOYMENT_TARGET = 17.5;
				MARKETING_VERSION = 1.0;
				PRODUCT_BUNDLE_IDENTIFIER = "DeepamDhakal.Rive-AnimationsTests";
				PRODUCT_NAME = "$(TARGET_NAME)";
				SWIFT_EMIT_LOC_STRINGS = NO;
				SWIFT_VERSION = 5.0;
				TARGETED_DEVICE_FAMILY = "1,2";
				TEST_HOST = "$(BUILT_PRODUCTS_DIR)/Rive Animations.app/$(BUNDLE_EXECUTABLE_FOLDER_PATH)/Rive Animations";
			};
			name = Debug;
		};
		F373AD4F2C47802A003C4798 /* Release */ = {
			isa = XCBuildConfiguration;
			buildSettings = {
				ALWAYS_EMBED_SWIFT_STANDARD_LIBRARIES = YES;
				BUNDLE_LOADER = "$(TEST_HOST)";
				CODE_SIGN_STYLE = Automatic;
				CURRENT_PROJECT_VERSION = 1;
				DEVELOPMENT_TEAM = RJC4MPJ9ZS;
				GENERATE_INFOPLIST_FILE = YES;
				IPHONEOS_DEPLOYMENT_TARGET = 17.5;
				MARKETING_VERSION = 1.0;
				PRODUCT_BUNDLE_IDENTIFIER = "DeepamDhakal.Rive-AnimationsTests";
				PRODUCT_NAME = "$(TARGET_NAME)";
				SWIFT_EMIT_LOC_STRINGS = NO;
				SWIFT_VERSION = 5.0;
				TARGETED_DEVICE_FAMILY = "1,2";
				TEST_HOST = "$(BUILT_PRODUCTS_DIR)/Rive Animations.app/$(BUNDLE_EXECUTABLE_FOLDER_PATH)/Rive Animations";
			};
			name = Release;
		};
		F373AD512C47802A003C4798 /* Debug */ = {
			isa = XCBuildConfiguration;
			buildSettings = {
				ALWAYS_EMBED_SWIFT_STANDARD_LIBRARIES = YES;
				CODE_SIGN_STYLE = Automatic;
				CURRENT_PROJECT_VERSION = 1;
				DEVELOPMENT_TEAM = RJC4MPJ9ZS;
				GENERATE_INFOPLIST_FILE = YES;
				MARKETING_VERSION = 1.0;
				PRODUCT_BUNDLE_IDENTIFIER = "DeepamDhakal.Rive-AnimationsUITests";
				PRODUCT_NAME = "$(TARGET_NAME)";
				SWIFT_EMIT_LOC_STRINGS = NO;
				SWIFT_VERSION = 5.0;
				TARGETED_DEVICE_FAMILY = "1,2";
				TEST_TARGET_NAME = "Rive Animations";
			};
			name = Debug;
		};
		F373AD522C47802A003C4798 /* Release */ = {
			isa = XCBuildConfiguration;
			buildSettings = {
				ALWAYS_EMBED_SWIFT_STANDARD_LIBRARIES = YES;
				CODE_SIGN_STYLE = Automatic;
				CURRENT_PROJECT_VERSION = 1;
				DEVELOPMENT_TEAM = RJC4MPJ9ZS;
				GENERATE_INFOPLIST_FILE = YES;
				MARKETING_VERSION = 1.0;
				PRODUCT_BUNDLE_IDENTIFIER = "DeepamDhakal.Rive-AnimationsUITests";
				PRODUCT_NAME = "$(TARGET_NAME)";
				SWIFT_EMIT_LOC_STRINGS = NO;
				SWIFT_VERSION = 5.0;
				TARGETED_DEVICE_FAMILY = "1,2";
				TEST_TARGET_NAME = "Rive Animations";
			};
			name = Release;
		};
/* End XCBuildConfiguration section */

/* Begin XCConfigurationList section */
		F373AD212C478029003C4798 /* Build configuration list for PBXProject "Rive Animations" */ = {
			isa = XCConfigurationList;
			buildConfigurations = (
				F373AD482C47802A003C4798 /* Debug */,
				F373AD492C47802A003C4798 /* Release */,
			);
			defaultConfigurationIsVisible = 0;
			defaultConfigurationName = Release;
		};
		F373AD4A2C47802A003C4798 /* Build configuration list for PBXNativeTarget "Rive Animations" */ = {
			isa = XCConfigurationList;
			buildConfigurations = (
				F373AD4B2C47802A003C4798 /* Debug */,
				F373AD4C2C47802A003C4798 /* Release */,
			);
			defaultConfigurationIsVisible = 0;
			defaultConfigurationName = Release;
		};
		F373AD4D2C47802A003C4798 /* Build configuration list for PBXNativeTarget "Rive AnimationsTests" */ = {
			isa = XCConfigurationList;
			buildConfigurations = (
				F373AD4E2C47802A003C4798 /* Debug */,
				F373AD4F2C47802A003C4798 /* Release */,
			);
			defaultConfigurationIsVisible = 0;
			defaultConfigurationName = Release;
		};
		F373AD502C47802A003C4798 /* Build configuration list for PBXNativeTarget "Rive AnimationsUITests" */ = {
			isa = XCConfigurationList;
			buildConfigurations = (
				F373AD512C47802A003C4798 /* Debug */,
				F373AD522C47802A003C4798 /* Release */,
			);
			defaultConfigurationIsVisible = 0;
			defaultConfigurationName = Release;
		};
/* End XCConfigurationList section */

/* Begin XCRemoteSwiftPackageReference section */
		F373AD532C4780AE003C4798 /* XCRemoteSwiftPackageReference "rive-ios" */ = {
			isa = XCRemoteSwiftPackageReference;
			repositoryURL = "https://github.com/rive-app/rive-ios";
			requirement = {
				kind = upToNextMajorVersion;
				minimumVersion = 5.15.0;
			};
		};
/* End XCRemoteSwiftPackageReference section */

/* Begin XCSwiftPackageProductDependency section */
		F373AD542C4780AE003C4798 /* RiveRuntime */ = {
			isa = XCSwiftPackageProductDependency;
			package = F373AD532C4780AE003C4798 /* XCRemoteSwiftPackageReference "rive-ios" */;
			productName = RiveRuntime;
		};
/* End XCSwiftPackageProductDependency section */
	};
	rootObject = F373AD1E2C478029003C4798 /* Project object */;
}
